
Microsoft Visual Studio Solution File, Format Version 12.00
# Visual Studio Version 17
VisualStudioVersion = 17.6.33717.318
MinimumVisualStudioVersion = 10.0.40219.1
Project("{9A19103F-16F7-4668-BE54-9A1E7A4F7556}") = "DrawOpticalFlow", "DrawOpticalFlow\DrawOpticalFlow.csproj", "{3EF036F3-7D4B-4273-BEB1-9F8FEF7AAE10}"
EndProject
Project("{9A19103F-16F7-4668-BE54-9A1E7A4F7556}") = "StabilizeSmooth", "StabilizeSmooth\StabilizeSmooth.csproj", "{51D1C585-DB3A-440D-92D1-89ABECEA7D2F}"
EndProject
Project("{FAE04EC0-301F-11D3-BF4B-00C04F79EFBC}") = "EqualizeImage", "EqualizeImage\EqualizeImage.csproj", "{FFC0B410-0CB2-4EE6-8557-3082A9437FB0}"
EndProject
Project("{FAE04EC0-301F-11D3-BF4B-00C04F79EFBC}") = "EstimateBack", "EstimateBack\EstimateBack.csproj", "{87CA2588-73CF-4EF9-B2F7-1E8FFABB6E57}"
EndProject
Global
	GlobalSection(SolutionConfigurationPlatforms) = preSolution
		Debug|Any CPU = Debug|Any CPU
		Release|Any CPU = Release|Any CPU
	EndGlobalSection
	GlobalSection(ProjectConfigurationPlatforms) = postSolution
		{3EF036F3-7D4B-4273-BEB1-9F8FEF7AAE10}.Debug|Any CPU.ActiveCfg = Debug|Any CPU
		{3EF036F3-7D4B-4273-BEB1-9F8FEF7AAE10}.Debug|Any CPU.Build.0 = Debug|Any CPU
		{3EF036F3-7D4B-4273-BEB1-9F8FEF7AAE10}.Release|Any CPU.ActiveCfg = Release|Any CPU
		{3EF036F3-7D4B-4273-BEB1-9F8FEF7AAE10}.Release|Any CPU.Build.0 = Release|Any CPU
		{51D1C585-DB3A-440D-92D1-89ABECEA7D2F}.Debug|Any CPU.ActiveCfg = Debug|Any CPU
		{51D1C585-DB3A-440D-92D1-89ABECEA7D2F}.Debug|Any CPU.Build.0 = Debug|Any CPU
		{51D1C585-DB3A-440D-92D1-89ABECEA7D2F}.Release|Any CPU.ActiveCfg = Release|Any CPU
		{51D1C585-DB3A-440D-92D1-89ABECEA7D2F}.Release|Any CPU.Build.0 = Release|Any CPU
		{FFC0B410-0CB2-4EE6-8557-3082A9437FB0}.Debug|Any CPU.ActiveCfg = Debug|Any CPU
		{FFC0B410-0CB2-4EE6-8557-3082A9437FB0}.Debug|Any CPU.Build.0 = Debug|Any CPU
		{FFC0B410-0CB2-4EE6-8557-3082A9437FB0}.Release|Any CPU.ActiveCfg = Release|Any CPU
		{FFC0B410-0CB2-4EE6-8557-3082A9437FB0}.Release|Any CPU.Build.0 = Release|Any CPU
		{87CA2588-73CF-4EF9-B2F7-1E8FFABB6E57}.Debug|Any CPU.ActiveCfg = Debug|Any CPU
		{87CA2588-73CF-4EF9-B2F7-1E8FFABB6E57}.Debug|Any CPU.Build.0 = Debug|Any CPU
		{87CA2588-73CF-4EF9-B2F7-1E8FFABB6E57}.Release|Any CPU.ActiveCfg = Release|Any CPU
		{87CA2588-73CF-4EF9-B2F7-1E8FFABB6E57}.Release|Any CPU.Build.0 = Release|Any CPU
	EndGlobalSection
	GlobalSection(SolutionProperties) = preSolution
		HideSolutionNode = FALSE
	EndGlobalSection
	GlobalSection(ExtensibilityGlobals) = postSolution
		SolutionGuid = {DE047FF1-9C6A-46AC-87BE-68CC8A0F657D}
	EndGlobalSection
EndGlobal
